
Microsoft Visual Studio Solution File, Format Version 12.00
# Visual Studio Version 16
VisualStudioVersion = 16.0.31729.503
MinimumVisualStudioVersion = 10.0.40219.1
Project("{F184B08F-C81C-45F6-A57F-5ABD9991F28F}") = "STARTzjs", "STARTzjs\STARTzjs.vbproj", "{16565F1A-12A9-4378-9E8D-3C630EEA5503}"
EndProject
Project("{C7167F0D-BC9F-4E6E-AFE1-012C56B48DB5}") = "STARTzjsMSIX", "STARTzjsMSIX\STARTzjsMSIX.wapproj", "{A46939F8-2786-4B2F-A1C9-5D2C0E8EC18B}"
EndProject
Global
	GlobalSection(SolutionConfigurationPlatforms) = preSolution
		Debug|Any CPU = Debug|Any CPU
		Debug|ARM = Debug|ARM
		Debug|ARM64 = Debug|ARM64
		Debug|x64 = Debug|x64
		Debug|x86 = Debug|x86
		Release|Any CPU = Release|Any CPU
		Release|ARM = Release|ARM
		Release|ARM64 = Release|ARM64
		Release|x64 = Release|x64
		Release|x86 = Release|x86
	EndGlobalSection
	GlobalSection(ProjectConfigurationPlatforms) = postSolution
		{16565F1A-12A9-4378-9E8D-3C630EEA5503}.Debug|Any CPU.ActiveCfg = Debug|Any CPU
		{16565F1A-12A9-4378-9E8D-3C630EEA5503}.Debug|Any CPU.Build.0 = Debug|Any CPU
		{16565F1A-12A9-4378-9E8D-3C630EEA5503}.Debug|ARM.ActiveCfg = Debug|Any CPU
		{16565F1A-12A9-4378-9E8D-3C630EEA5503}.Debug|ARM.Build.0 = Debug|Any CPU
		{16565F1A-12A9-4378-9E8D-3C630EEA5503}.Debug|ARM64.ActiveCfg = Debug|Any CPU
		{16565F1A-12A9-4378-9E8D-3C630EEA5503}.Debug|ARM64.Build.0 = Debug|Any CPU
		{16565F1A-12A9-4378-9E8D-3C630EEA5503}.Debug|x64.ActiveCfg = Debug|x64
		{16565F1A-12A9-4378-9E8D-3C630EEA5503}.Debug|x64.Build.0 = Debug|x64
		{16565F1A-12A9-4378-9E8D-3C630EEA5503}.Debug|x86.ActiveCfg = Debug|x86
		{16565F1A-12A9-4378-9E8D-3C630EEA5503}.Debug|x86.Build.0 = Debug|x86
		{16565F1A-12A9-4378-9E8D-3C630EEA5503}.Release|Any CPU.ActiveCfg = Release|Any CPU
		{16565F1A-12A9-4378-9E8D-3C630EEA5503}.Release|Any CPU.Build.0 = Release|Any CPU
		{16565F1A-12A9-4378-9E8D-3C630EEA5503}.Release|ARM.ActiveCfg = Release|Any CPU
		{16565F1A-12A9-4378-9E8D-3C630EEA5503}.Release|ARM.Build.0 = Release|Any CPU
		{16565F1A-12A9-4378-9E8D-3C630EEA5503}.Release|ARM64.ActiveCfg = Release|Any CPU
		{16565F1A-12A9-4378-9E8D-3C630EEA5503}.Release|ARM64.Build.0 = Release|Any CPU
		{16565F1A-12A9-4378-9E8D-3C630EEA5503}.Release|x64.ActiveCfg = Release|x64
		{16565F1A-12A9-4378-9E8D-3C630EEA5503}.Release|x64.Build.0 = Release|x64
		{16565F1A-12A9-4378-9E8D-3C630EEA5503}.Release|x86.ActiveCfg = Release|x86
		{16565F1A-12A9-4378-9E8D-3C630EEA5503}.Release|x86.Build.0 = Release|x86
		{A46939F8-2786-4B2F-A1C9-5D2C0E8EC18B}.Debug|Any CPU.ActiveCfg = Debug|Any CPU
		{A46939F8-2786-4B2F-A1C9-5D2C0E8EC18B}.Debug|Any CPU.Build.0 = Debug|Any CPU
		{A46939F8-2786-4B2F-A1C9-5D2C0E8EC18B}.Debug|Any CPU.Deploy.0 = Debug|Any CPU
		{A46939F8-2786-4B2F-A1C9-5D2C0E8EC18B}.Debug|ARM.ActiveCfg = Debug|ARM
		{A46939F8-2786-4B2F-A1C9-5D2C0E8EC18B}.Debug|ARM.Build.0 = Debug|ARM
		{A46939F8-2786-4B2F-A1C9-5D2C0E8EC18B}.Debug|ARM.Deploy.0 = Debug|ARM
		{A46939F8-2786-4B2F-A1C9-5D2C0E8EC18B}.Debug|ARM64.ActiveCfg = Debug|ARM64
		{A46939F8-2786-4B2F-A1C9-5D2C0E8EC18B}.Debug|ARM64.Build.0 = Debug|ARM64
		{A46939F8-2786-4B2F-A1C9-5D2C0E8EC18B}.Debug|ARM64.Deploy.0 = Debug|ARM64
		{A46939F8-2786-4B2F-A1C9-5D2C0E8EC18B}.Debug|x64.ActiveCfg = Debug|x64
		{A46939F8-2786-4B2F-A1C9-5D2C0E8EC18B}.Debug|x64.Build.0 = Debug|x64
		{A46939F8-2786-4B2F-A1C9-5D2C0E8EC18B}.Debug|x64.Deploy.0 = Debug|x64
		{A46939F8-2786-4B2F-A1C9-5D2C0E8EC18B}.Debug|x86.ActiveCfg = Debug|x86
		{A46939F8-2786-4B2F-A1C9-5D2C0E8EC18B}.Debug|x86.Build.0 = Debug|x86
		{A46939F8-2786-4B2F-A1C9-5D2C0E8EC18B}.Debug|x86.Deploy.0 = Debug|x86
		{A46939F8-2786-4B2F-A1C9-5D2C0E8EC18B}.Release|Any CPU.ActiveCfg = Release|Any CPU
		{A46939F8-2786-4B2F-A1C9-5D2C0E8EC18B}.Release|Any CPU.Build.0 = Release|Any CPU
		{A46939F8-2786-4B2F-A1C9-5D2C0E8EC18B}.Release|Any CPU.Deploy.0 = Release|Any CPU
		{A46939F8-2786-4B2F-A1C9-5D2C0E8EC18B}.Release|ARM.ActiveCfg = Release|ARM
		{A46939F8-2786-4B2F-A1C9-5D2C0E8EC18B}.Release|ARM.Build.0 = Release|ARM
		{A46939F8-2786-4B2F-A1C9-5D2C0E8EC18B}.Release|ARM.Deploy.0 = Release|ARM
		{A46939F8-2786-4B2F-A1C9-5D2C0E8EC18B}.Release|ARM64.ActiveCfg = Release|ARM64
		{A46939F8-2786-4B2F-A1C9-5D2C0E8EC18B}.Release|ARM64.Build.0 = Release|ARM64
		{A46939F8-2786-4B2F-A1C9-5D2C0E8EC18B}.Release|ARM64.Deploy.0 = Release|ARM64
		{A46939F8-2786-4B2F-A1C9-5D2C0E8EC18B}.Release|x64.ActiveCfg = Release|x64
		{A46939F8-2786-4B2F-A1C9-5D2C0E8EC18B}.Release|x64.Build.0 = Release|x64
		{A46939F8-2786-4B2F-A1C9-5D2C0E8EC18B}.Release|x64.Deploy.0 = Release|x64
		{A46939F8-2786-4B2F-A1C9-5D2C0E8EC18B}.Release|x86.ActiveCfg = Release|x86
		{A46939F8-2786-4B2F-A1C9-5D2C0E8EC18B}.Release|x86.Build.0 = Release|x86
		{A46939F8-2786-4B2F-A1C9-5D2C0E8EC18B}.Release|x86.Deploy.0 = Release|x86
	EndGlobalSection
	GlobalSection(SolutionProperties) = preSolution
		HideSolutionNode = FALSE
	EndGlobalSection
	GlobalSection(ExtensibilityGlobals) = postSolution
		SolutionGuid = {AF7BE7B9-84B9-464B-8DE8-7DB23DE2204A}
	EndGlobalSection
EndGlobal
